
Microsoft Visual Studio Solution File, Format Version 12.00
# Visual Studio Version 16
VisualStudioVersion = 16.0.29519.87
MinimumVisualStudioVersion = 10.0.40219.1
Project("{2150E333-8FDC-42A3-9474-1A3956D46DE8}") = "_Solution Items", "_Solution Items", "{715C43F1-0AB2-4C54-BA19-03EAA2BE6CF3}"
	ProjectSection(SolutionItems) = preProject
		.gitignore = .gitignore
		README.md = README.md
	EndProjectSection
EndProject
Project("{2150E333-8FDC-42A3-9474-1A3956D46DE8}") = "Src", "Src", "{8131A096-F5A9-46FE-9347-F0D266C6DA46}"
EndProject
Project("{2150E333-8FDC-42A3-9474-1A3956D46DE8}") = "Tests", "Tests", "{BF0DFE10-D2E3-4EE7-94E6-3CF9D6659794}"
EndProject
Project("{9A19103F-16F7-4668-BE54-9A1E7A4F7556}") = "DFC.App.MatchSkills.WebUI", "Src\DFC.App.MatchSkills.WebUI\DFC.App.MatchSkills.WebUI.csproj", "{31145A33-689B-48B4-BC2F-2CCD1FC191D8}"
EndProject
Project("{9A19103F-16F7-4668-BE54-9A1E7A4F7556}") = "DFC.App.MatchSkills.WebUI.Test", "Tests\DFC.App.MatchSkills.WebUI.Test\DFC.App.MatchSkills.WebUI.Test.csproj", "{8FEF91F3-D8BE-4606-A9DE-4AC03466C0F6}"
EndProject
Project("{9A19103F-16F7-4668-BE54-9A1E7A4F7556}") = "DFC.App.MatchSkills.Application", "Src\DFC.App.MatchSkills.Application\DFC.App.MatchSkills.Application.csproj", "{0255C068-3F41-47B4-8D23-20A3851D302D}"
EndProject
Project("{9A19103F-16F7-4668-BE54-9A1E7A4F7556}") = "DFC.App.MatchSkills.Services.Dysac", "Src\DFC.App.MatchSkills.Services.Dysac\DFC.App.MatchSkills.Services.Dysac.csproj", "{596AC70A-ACBE-4CBC-B7A0-30B9DC0EA91C}"
EndProject
Project("{9A19103F-16F7-4668-BE54-9A1E7A4F7556}") = "DFC.App.MatchSkills.Services.JobProfile", "Src\DFC.App.MatchSkills.Services.JobProfile\DFC.App.MatchSkills.Services.JobProfile.csproj", "{572F6E98-2833-4C2B-B7EC-DD8A916336AC}"
EndProject
Project("{9A19103F-16F7-4668-BE54-9A1E7A4F7556}") = "DFC.App.MatchSkills.Services.ServiceTaxonomy", "Src\DFC.App.MatchSkills.Services.ServiceTaxonomy\DFC.App.MatchSkills.Services.ServiceTaxonomy.csproj", "{852E14C5-1361-4F53-949F-EB12548C3C71}"
EndProject
Project("{9A19103F-16F7-4668-BE54-9A1E7A4F7556}") = "DFC.App.MatchSkills.Services.Dysac.Test", "Tests\DFC.App.MatchSkills.Services.Dysac.Test\DFC.App.MatchSkills.Services.Dysac.Test.csproj", "{4B0A1D2A-96B0-4F15-8060-B7D45A165E47}"
EndProject
Project("{9A19103F-16F7-4668-BE54-9A1E7A4F7556}") = "DFC.App.MatchSkills.Services.JobProfile.Test", "Tests\DFC.App.MatchSkills.Services.JobProfile.Test\DFC.App.MatchSkills.Services.JobProfile.Test.csproj", "{71EC0B4D-F7D9-4B68-BD23-E841791B7CD8}"
EndProject
Project("{9A19103F-16F7-4668-BE54-9A1E7A4F7556}") = "DFC.App.MatchSkills.Services.ServiceTaxonomy.Test", "DFC.App.MatchSkills.Services.ServiceTaxonomy.Test\DFC.App.MatchSkills.Services.ServiceTaxonomy.Test.csproj", "{C242FE7B-A36B-4C69-9187-ABE047F9B493}"
EndProject
Project("{9A19103F-16F7-4668-BE54-9A1E7A4F7556}") = "DFC.App.MatchSkills.Application.Test", "DFC.App.MatchSkills.Application.Test\DFC.App.MatchSkills.Application.Test.csproj", "{72914DAF-A980-4D6A-8505-F3110054BEA6}"
EndProject
Global
	GlobalSection(SolutionConfigurationPlatforms) = preSolution
		Debug|Any CPU = Debug|Any CPU
		Release|Any CPU = Release|Any CPU
	EndGlobalSection
	GlobalSection(ProjectConfigurationPlatforms) = postSolution
		{31145A33-689B-48B4-BC2F-2CCD1FC191D8}.Debug|Any CPU.ActiveCfg = Debug|Any CPU
		{31145A33-689B-48B4-BC2F-2CCD1FC191D8}.Debug|Any CPU.Build.0 = Debug|Any CPU
		{31145A33-689B-48B4-BC2F-2CCD1FC191D8}.Release|Any CPU.ActiveCfg = Release|Any CPU
		{31145A33-689B-48B4-BC2F-2CCD1FC191D8}.Release|Any CPU.Build.0 = Release|Any CPU
		{8FEF91F3-D8BE-4606-A9DE-4AC03466C0F6}.Debug|Any CPU.ActiveCfg = Debug|Any CPU
		{8FEF91F3-D8BE-4606-A9DE-4AC03466C0F6}.Debug|Any CPU.Build.0 = Debug|Any CPU
		{8FEF91F3-D8BE-4606-A9DE-4AC03466C0F6}.Release|Any CPU.ActiveCfg = Release|Any CPU
		{8FEF91F3-D8BE-4606-A9DE-4AC03466C0F6}.Release|Any CPU.Build.0 = Release|Any CPU
		{0255C068-3F41-47B4-8D23-20A3851D302D}.Debug|Any CPU.ActiveCfg = Debug|Any CPU
		{0255C068-3F41-47B4-8D23-20A3851D302D}.Debug|Any CPU.Build.0 = Debug|Any CPU
		{0255C068-3F41-47B4-8D23-20A3851D302D}.Release|Any CPU.ActiveCfg = Release|Any CPU
		{0255C068-3F41-47B4-8D23-20A3851D302D}.Release|Any CPU.Build.0 = Release|Any CPU
		{596AC70A-ACBE-4CBC-B7A0-30B9DC0EA91C}.Debug|Any CPU.ActiveCfg = Debug|Any CPU
		{596AC70A-ACBE-4CBC-B7A0-30B9DC0EA91C}.Debug|Any CPU.Build.0 = Debug|Any CPU
		{596AC70A-ACBE-4CBC-B7A0-30B9DC0EA91C}.Release|Any CPU.ActiveCfg = Release|Any CPU
		{596AC70A-ACBE-4CBC-B7A0-30B9DC0EA91C}.Release|Any CPU.Build.0 = Release|Any CPU
		{572F6E98-2833-4C2B-B7EC-DD8A916336AC}.Debug|Any CPU.ActiveCfg = Debug|Any CPU
		{572F6E98-2833-4C2B-B7EC-DD8A916336AC}.Debug|Any CPU.Build.0 = Debug|Any CPU
		{572F6E98-2833-4C2B-B7EC-DD8A916336AC}.Release|Any CPU.ActiveCfg = Release|Any CPU
		{572F6E98-2833-4C2B-B7EC-DD8A916336AC}.Release|Any CPU.Build.0 = Release|Any CPU
		{852E14C5-1361-4F53-949F-EB12548C3C71}.Debug|Any CPU.ActiveCfg = Debug|Any CPU
		{852E14C5-1361-4F53-949F-EB12548C3C71}.Debug|Any CPU.Build.0 = Debug|Any CPU
		{852E14C5-1361-4F53-949F-EB12548C3C71}.Release|Any CPU.ActiveCfg = Release|Any CPU
		{852E14C5-1361-4F53-949F-EB12548C3C71}.Release|Any CPU.Build.0 = Release|Any CPU
		{4B0A1D2A-96B0-4F15-8060-B7D45A165E47}.Debug|Any CPU.ActiveCfg = Debug|Any CPU
		{4B0A1D2A-96B0-4F15-8060-B7D45A165E47}.Debug|Any CPU.Build.0 = Debug|Any CPU
		{4B0A1D2A-96B0-4F15-8060-B7D45A165E47}.Release|Any CPU.ActiveCfg = Release|Any CPU
		{4B0A1D2A-96B0-4F15-8060-B7D45A165E47}.Release|Any CPU.Build.0 = Release|Any CPU
		{71EC0B4D-F7D9-4B68-BD23-E841791B7CD8}.Debug|Any CPU.ActiveCfg = Debug|Any CPU
		{71EC0B4D-F7D9-4B68-BD23-E841791B7CD8}.Debug|Any CPU.Build.0 = Debug|Any CPU
		{71EC0B4D-F7D9-4B68-BD23-E841791B7CD8}.Release|Any CPU.ActiveCfg = Release|Any CPU
		{71EC0B4D-F7D9-4B68-BD23-E841791B7CD8}.Release|Any CPU.Build.0 = Release|Any CPU
		{C242FE7B-A36B-4C69-9187-ABE047F9B493}.Debug|Any CPU.ActiveCfg = Debug|Any CPU
		{C242FE7B-A36B-4C69-9187-ABE047F9B493}.Debug|Any CPU.Build.0 = Debug|Any CPU
		{C242FE7B-A36B-4C69-9187-ABE047F9B493}.Release|Any CPU.ActiveCfg = Release|Any CPU
		{C242FE7B-A36B-4C69-9187-ABE047F9B493}.Release|Any CPU.Build.0 = Release|Any CPU
		{72914DAF-A980-4D6A-8505-F3110054BEA6}.Debug|Any CPU.ActiveCfg = Debug|Any CPU
		{72914DAF-A980-4D6A-8505-F3110054BEA6}.Debug|Any CPU.Build.0 = Debug|Any CPU
		{72914DAF-A980-4D6A-8505-F3110054BEA6}.Release|Any CPU.ActiveCfg = Release|Any CPU
		{72914DAF-A980-4D6A-8505-F3110054BEA6}.Release|Any CPU.Build.0 = Release|Any CPU
	EndGlobalSection
	GlobalSection(SolutionProperties) = preSolution
		HideSolutionNode = FALSE
	EndGlobalSection
	GlobalSection(NestedProjects) = preSolution
		{31145A33-689B-48B4-BC2F-2CCD1FC191D8} = {8131A096-F5A9-46FE-9347-F0D266C6DA46}
		{8FEF91F3-D8BE-4606-A9DE-4AC03466C0F6} = {BF0DFE10-D2E3-4EE7-94E6-3CF9D6659794}
		{0255C068-3F41-47B4-8D23-20A3851D302D} = {8131A096-F5A9-46FE-9347-F0D266C6DA46}
		{596AC70A-ACBE-4CBC-B7A0-30B9DC0EA91C} = {8131A096-F5A9-46FE-9347-F0D266C6DA46}
		{572F6E98-2833-4C2B-B7EC-DD8A916336AC} = {8131A096-F5A9-46FE-9347-F0D266C6DA46}
		{852E14C5-1361-4F53-949F-EB12548C3C71} = {8131A096-F5A9-46FE-9347-F0D266C6DA46}
		{4B0A1D2A-96B0-4F15-8060-B7D45A165E47} = {BF0DFE10-D2E3-4EE7-94E6-3CF9D6659794}
		{71EC0B4D-F7D9-4B68-BD23-E841791B7CD8} = {BF0DFE10-D2E3-4EE7-94E6-3CF9D6659794}
		{C242FE7B-A36B-4C69-9187-ABE047F9B493} = {BF0DFE10-D2E3-4EE7-94E6-3CF9D6659794}
		{72914DAF-A980-4D6A-8505-F3110054BEA6} = {BF0DFE10-D2E3-4EE7-94E6-3CF9D6659794}
	EndGlobalSection
	GlobalSection(ExtensibilityGlobals) = postSolution
		SolutionGuid = {747F707E-754F-4B49-9E26-67753BFB8A81}
	EndGlobalSection
EndGlobal
